
Microsoft Visual Studio Solution File, Format Version 12.00
# Visual Studio 14
VisualStudioVersion = 14.0.25123.0
MinimumVisualStudioVersion = 10.0.40219.1
Project("{FAE04EC0-301F-11D3-BF4B-00C04F79EFBC}") = "StoreMobile.WinPhone81", "TodoREST.WinPhone81\StoreMobile.WinPhone81.csproj", "{7325168D-6C60-463F-8824-7D69D2DF1465}"
EndProject
Project("{FAE04EC0-301F-11D3-BF4B-00C04F79EFBC}") = "StoreMobile.Droid", "Droid\StoreMobile.Droid.csproj", "{591135CB-9C44-4111-917F-A8B66FA23C36}"
EndProject
Project("{FAE04EC0-301F-11D3-BF4B-00C04F79EFBC}") = "StoreMobile.iOS", "iOS\StoreMobile.iOS.csproj", "{3A5802C9-A29A-4C6B-9A7E-B0FAFD43FAAE}"
EndProject
Project("{FAE04EC0-301F-11D3-BF4B-00C04F79EFBC}") = "StoreMobile", "StoreMobile\StoreMobile.csproj", "{BDE54EFC-9096-4ECF-AF93-27C1BC20F005}"
EndProject
Global
	GlobalSection(SolutionConfigurationPlatforms) = preSolution
		Debug|Any CPU = Debug|Any CPU
		Debug|ARM = Debug|ARM
		Debug|iPhone = Debug|iPhone
		Debug|iPhoneSimulator = Debug|iPhoneSimulator
		Debug|Mixed Platforms = Debug|Mixed Platforms
		Debug|x86 = Debug|x86
		Release|Any CPU = Release|Any CPU
		Release|ARM = Release|ARM
		Release|iPhone = Release|iPhone
		Release|iPhoneSimulator = Release|iPhoneSimulator
		Release|Mixed Platforms = Release|Mixed Platforms
		Release|x86 = Release|x86
	EndGlobalSection
	GlobalSection(ProjectConfigurationPlatforms) = postSolution
		{7325168D-6C60-463F-8824-7D69D2DF1465}.Debug|Any CPU.ActiveCfg = Debug|Any CPU
		{7325168D-6C60-463F-8824-7D69D2DF1465}.Debug|Any CPU.Build.0 = Debug|Any CPU
		{7325168D-6C60-463F-8824-7D69D2DF1465}.Debug|Any CPU.Deploy.0 = Debug|Any CPU
		{7325168D-6C60-463F-8824-7D69D2DF1465}.Debug|ARM.ActiveCfg = Debug|ARM
		{7325168D-6C60-463F-8824-7D69D2DF1465}.Debug|ARM.Build.0 = Debug|ARM
		{7325168D-6C60-463F-8824-7D69D2DF1465}.Debug|ARM.Deploy.0 = Debug|ARM
		{7325168D-6C60-463F-8824-7D69D2DF1465}.Debug|iPhone.ActiveCfg = Debug|Any CPU
		{7325168D-6C60-463F-8824-7D69D2DF1465}.Debug|iPhoneSimulator.ActiveCfg = Debug|Any CPU
		{7325168D-6C60-463F-8824-7D69D2DF1465}.Debug|Mixed Platforms.ActiveCfg = Debug|x86
		{7325168D-6C60-463F-8824-7D69D2DF1465}.Debug|Mixed Platforms.Build.0 = Debug|x86
		{7325168D-6C60-463F-8824-7D69D2DF1465}.Debug|Mixed Platforms.Deploy.0 = Debug|x86
		{7325168D-6C60-463F-8824-7D69D2DF1465}.Debug|x86.ActiveCfg = Debug|x86
		{7325168D-6C60-463F-8824-7D69D2DF1465}.Debug|x86.Build.0 = Debug|x86
		{7325168D-6C60-463F-8824-7D69D2DF1465}.Debug|x86.Deploy.0 = Debug|x86
		{7325168D-6C60-463F-8824-7D69D2DF1465}.Release|Any CPU.ActiveCfg = Release|Any CPU
		{7325168D-6C60-463F-8824-7D69D2DF1465}.Release|Any CPU.Build.0 = Release|Any CPU
		{7325168D-6C60-463F-8824-7D69D2DF1465}.Release|Any CPU.Deploy.0 = Release|Any CPU
		{7325168D-6C60-463F-8824-7D69D2DF1465}.Release|ARM.ActiveCfg = Release|ARM
		{7325168D-6C60-463F-8824-7D69D2DF1465}.Release|ARM.Build.0 = Release|ARM
		{7325168D-6C60-463F-8824-7D69D2DF1465}.Release|ARM.Deploy.0 = Release|ARM
		{7325168D-6C60-463F-8824-7D69D2DF1465}.Release|iPhone.ActiveCfg = Release|Any CPU
		{7325168D-6C60-463F-8824-7D69D2DF1465}.Release|iPhoneSimulator.ActiveCfg = Release|Any CPU
		{7325168D-6C60-463F-8824-7D69D2DF1465}.Release|Mixed Platforms.ActiveCfg = Release|x86
		{7325168D-6C60-463F-8824-7D69D2DF1465}.Release|Mixed Platforms.Build.0 = Release|x86
		{7325168D-6C60-463F-8824-7D69D2DF1465}.Release|Mixed Platforms.Deploy.0 = Release|x86
		{7325168D-6C60-463F-8824-7D69D2DF1465}.Release|x86.ActiveCfg = Release|x86
		{7325168D-6C60-463F-8824-7D69D2DF1465}.Release|x86.Build.0 = Release|x86
		{7325168D-6C60-463F-8824-7D69D2DF1465}.Release|x86.Deploy.0 = Release|x86
		{591135CB-9C44-4111-917F-A8B66FA23C36}.Debug|Any CPU.ActiveCfg = Debug|Any CPU
		{591135CB-9C44-4111-917F-A8B66FA23C36}.Debug|Any CPU.Build.0 = Debug|Any CPU
		{591135CB-9C44-4111-917F-A8B66FA23C36}.Debug|Any CPU.Deploy.0 = Debug|Any CPU
		{591135CB-9C44-4111-917F-A8B66FA23C36}.Debug|ARM.ActiveCfg = Debug|Any CPU
		{591135CB-9C44-4111-917F-A8B66FA23C36}.Debug|ARM.Build.0 = Debug|Any CPU
		{591135CB-9C44-4111-917F-A8B66FA23C36}.Debug|ARM.Deploy.0 = Debug|Any CPU
		{591135CB-9C44-4111-917F-A8B66FA23C36}.Debug|iPhone.ActiveCfg = Debug|Any CPU
		{591135CB-9C44-4111-917F-A8B66FA23C36}.Debug|iPhone.Build.0 = Debug|Any CPU
		{591135CB-9C44-4111-917F-A8B66FA23C36}.Debug|iPhone.Deploy.0 = Debug|Any CPU
		{591135CB-9C44-4111-917F-A8B66FA23C36}.Debug|iPhoneSimulator.ActiveCfg = Debug|Any CPU
		{591135CB-9C44-4111-917F-A8B66FA23C36}.Debug|iPhoneSimulator.Build.0 = Debug|Any CPU
		{591135CB-9C44-4111-917F-A8B66FA23C36}.Debug|iPhoneSimulator.Deploy.0 = Debug|Any CPU
		{591135CB-9C44-4111-917F-A8B66FA23C36}.Debug|Mixed Platforms.ActiveCfg = Debug|Any CPU
		{591135CB-9C44-4111-917F-A8B66FA23C36}.Debug|Mixed Platforms.Build.0 = Debug|Any CPU
		{591135CB-9C44-4111-917F-A8B66FA23C36}.Debug|Mixed Platforms.Deploy.0 = Debug|Any CPU
		{591135CB-9C44-4111-917F-A8B66FA23C36}.Debug|x86.ActiveCfg = Debug|Any CPU
		{591135CB-9C44-4111-917F-A8B66FA23C36}.Debug|x86.Build.0 = Debug|Any CPU
		{591135CB-9C44-4111-917F-A8B66FA23C36}.Debug|x86.Deploy.0 = Debug|Any CPU
		{591135CB-9C44-4111-917F-A8B66FA23C36}.Release|Any CPU.ActiveCfg = Release|Any CPU
		{591135CB-9C44-4111-917F-A8B66FA23C36}.Release|Any CPU.Build.0 = Release|Any CPU
		{591135CB-9C44-4111-917F-A8B66FA23C36}.Release|Any CPU.Deploy.0 = Release|Any CPU
		{591135CB-9C44-4111-917F-A8B66FA23C36}.Release|ARM.ActiveCfg = Release|Any CPU
		{591135CB-9C44-4111-917F-A8B66FA23C36}.Release|ARM.Build.0 = Release|Any CPU
		{591135CB-9C44-4111-917F-A8B66FA23C36}.Release|ARM.Deploy.0 = Release|Any CPU
		{591135CB-9C44-4111-917F-A8B66FA23C36}.Release|iPhone.ActiveCfg = Release|Any CPU
		{591135CB-9C44-4111-917F-A8B66FA23C36}.Release|iPhone.Build.0 = Release|Any CPU
		{591135CB-9C44-4111-917F-A8B66FA23C36}.Release|iPhone.Deploy.0 = Release|Any CPU
		{591135CB-9C44-4111-917F-A8B66FA23C36}.Release|iPhoneSimulator.ActiveCfg = Release|Any CPU
		{591135CB-9C44-4111-917F-A8B66FA23C36}.Release|iPhoneSimulator.Build.0 = Release|Any CPU
		{591135CB-9C44-4111-917F-A8B66FA23C36}.Release|iPhoneSimulator.Deploy.0 = Release|Any CPU
		{591135CB-9C44-4111-917F-A8B66FA23C36}.Release|Mixed Platforms.ActiveCfg = Release|Any CPU
		{591135CB-9C44-4111-917F-A8B66FA23C36}.Release|Mixed Platforms.Build.0 = Release|Any CPU
		{591135CB-9C44-4111-917F-A8B66FA23C36}.Release|Mixed Platforms.Deploy.0 = Release|Any CPU
		{591135CB-9C44-4111-917F-A8B66FA23C36}.Release|x86.ActiveCfg = Release|Any CPU
		{591135CB-9C44-4111-917F-A8B66FA23C36}.Release|x86.Build.0 = Release|Any CPU
		{591135CB-9C44-4111-917F-A8B66FA23C36}.Release|x86.Deploy.0 = Release|Any CPU
		{3A5802C9-A29A-4C6B-9A7E-B0FAFD43FAAE}.Debug|Any CPU.ActiveCfg = Debug|iPhone
		{3A5802C9-A29A-4C6B-9A7E-B0FAFD43FAAE}.Debug|ARM.ActiveCfg = Debug|iPhone
		{3A5802C9-A29A-4C6B-9A7E-B0FAFD43FAAE}.Debug|iPhone.ActiveCfg = Debug|iPhone
		{3A5802C9-A29A-4C6B-9A7E-B0FAFD43FAAE}.Debug|iPhone.Build.0 = Debug|iPhone
		{3A5802C9-A29A-4C6B-9A7E-B0FAFD43FAAE}.Debug|iPhoneSimulator.ActiveCfg = Debug|iPhoneSimulator
		{3A5802C9-A29A-4C6B-9A7E-B0FAFD43FAAE}.Debug|iPhoneSimulator.Build.0 = Debug|iPhoneSimulator
		{3A5802C9-A29A-4C6B-9A7E-B0FAFD43FAAE}.Debug|Mixed Platforms.ActiveCfg = Debug|iPhone
		{3A5802C9-A29A-4C6B-9A7E-B0FAFD43FAAE}.Debug|Mixed Platforms.Build.0 = Debug|iPhone
		{3A5802C9-A29A-4C6B-9A7E-B0FAFD43FAAE}.Debug|x86.ActiveCfg = Debug|iPhone
		{3A5802C9-A29A-4C6B-9A7E-B0FAFD43FAAE}.Release|Any CPU.ActiveCfg = Release|iPhone
		{3A5802C9-A29A-4C6B-9A7E-B0FAFD43FAAE}.Release|ARM.ActiveCfg = Release|iPhone
		{3A5802C9-A29A-4C6B-9A7E-B0FAFD43FAAE}.Release|iPhone.ActiveCfg = Release|iPhone
		{3A5802C9-A29A-4C6B-9A7E-B0FAFD43FAAE}.Release|iPhone.Build.0 = Release|iPhone
		{3A5802C9-A29A-4C6B-9A7E-B0FAFD43FAAE}.Release|iPhoneSimulator.ActiveCfg = Release|iPhoneSimulator
		{3A5802C9-A29A-4C6B-9A7E-B0FAFD43FAAE}.Release|iPhoneSimulator.Build.0 = Release|iPhoneSimulator
		{3A5802C9-A29A-4C6B-9A7E-B0FAFD43FAAE}.Release|Mixed Platforms.ActiveCfg = Release|iPhone
		{3A5802C9-A29A-4C6B-9A7E-B0FAFD43FAAE}.Release|Mixed Platforms.Build.0 = Release|iPhone
		{3A5802C9-A29A-4C6B-9A7E-B0FAFD43FAAE}.Release|x86.ActiveCfg = Release|iPhone
		{BDE54EFC-9096-4ECF-AF93-27C1BC20F005}.Debug|Any CPU.ActiveCfg = Debug|Any CPU
		{BDE54EFC-9096-4ECF-AF93-27C1BC20F005}.Debug|Any CPU.Build.0 = Debug|Any CPU
		{BDE54EFC-9096-4ECF-AF93-27C1BC20F005}.Debug|ARM.ActiveCfg = Debug|Any CPU
		{BDE54EFC-9096-4ECF-AF93-27C1BC20F005}.Debug|ARM.Build.0 = Debug|Any CPU
		{BDE54EFC-9096-4ECF-AF93-27C1BC20F005}.Debug|iPhone.ActiveCfg = Debug|Any CPU
		{BDE54EFC-9096-4ECF-AF93-27C1BC20F005}.Debug|iPhone.Build.0 = Debug|Any CPU
		{BDE54EFC-9096-4ECF-AF93-27C1BC20F005}.Debug|iPhoneSimulator.ActiveCfg = Debug|Any CPU
		{BDE54EFC-9096-4ECF-AF93-27C1BC20F005}.Debug|iPhoneSimulator.Build.0 = Debug|Any CPU
		{BDE54EFC-9096-4ECF-AF93-27C1BC20F005}.Debug|Mixed Platforms.ActiveCfg = Debug|Any CPU
		{BDE54EFC-9096-4ECF-AF93-27C1BC20F005}.Debug|Mixed Platforms.Build.0 = Debug|Any CPU
		{BDE54EFC-9096-4ECF-AF93-27C1BC20F005}.Debug|x86.ActiveCfg = Debug|Any CPU
		{BDE54EFC-9096-4ECF-AF93-27C1BC20F005}.Debug|x86.Build.0 = Debug|Any CPU
		{BDE54EFC-9096-4ECF-AF93-27C1BC20F005}.Release|Any CPU.ActiveCfg = Release|Any CPU
		{BDE54EFC-9096-4ECF-AF93-27C1BC20F005}.Release|Any CPU.Build.0 = Release|Any CPU
		{BDE54EFC-9096-4ECF-AF93-27C1BC20F005}.Release|ARM.ActiveCfg = Release|Any CPU
		{BDE54EFC-9096-4ECF-AF93-27C1BC20F005}.Release|ARM.Build.0 = Release|Any CPU
		{BDE54EFC-9096-4ECF-AF93-27C1BC20F005}.Release|iPhone.ActiveCfg = Release|Any CPU
		{BDE54EFC-9096-4ECF-AF93-27C1BC20F005}.Release|iPhone.Build.0 = Release|Any CPU
		{BDE54EFC-9096-4ECF-AF93-27C1BC20F005}.Release|iPhoneSimulator.ActiveCfg = Release|Any CPU
		{BDE54EFC-9096-4ECF-AF93-27C1BC20F005}.Release|iPhoneSimulator.Build.0 = Release|Any CPU
		{BDE54EFC-9096-4ECF-AF93-27C1BC20F005}.Release|Mixed Platforms.ActiveCfg = Release|Any CPU
		{BDE54EFC-9096-4ECF-AF93-27C1BC20F005}.Release|Mixed Platforms.Build.0 = Release|Any CPU
		{BDE54EFC-9096-4ECF-AF93-27C1BC20F005}.Release|x86.ActiveCfg = Release|Any CPU
		{BDE54EFC-9096-4ECF-AF93-27C1BC20F005}.Release|x86.Build.0 = Release|Any CPU
	EndGlobalSection
	GlobalSection(SolutionProperties) = preSolution
		HideSolutionNode = FALSE
	EndGlobalSection
EndGlobal
